
Microsoft Visual Studio Solution File, Format Version 12.00
# Visual Studio Version 17
VisualStudioVersion = 17.0.31903.59
MinimumVisualStudioVersion = 10.0.40219.1
Project("{FAE04EC0-301F-11D3-BF4B-00C04F79EFBC}") = "Shared", "Shared\Shared.csproj", "{E5E33B61-BC2D-49A0-A497-56427D377A5F}"
EndProject
Project("{FAE04EC0-301F-11D3-BF4B-00C04F79EFBC}") = "Orchestrator", "Orchestrator\Orchestrator.csproj", "{3A5F6E7C-4388-4806-8CD4-7F8F445DA7F8}"
EndProject
Project("{FAE04EC0-301F-11D3-BF4B-00C04F79EFBC}") = "Drone", "Drone\Drone.csproj", "{7DDA7A98-E232-449B-8E52-707984DC31A8}"
EndProject
Project("{FAE04EC0-301F-11D3-BF4B-00C04F79EFBC}") = "Watchdog", "Watchdog\Watchdog.csproj", "{6A430F57-A0F3-417F-852B-9C0C3BB010FF}"
EndProject
Global
	GlobalSection(SolutionConfigurationPlatforms) = preSolution
		Debug|Any CPU = Debug|Any CPU
		Release|Any CPU = Release|Any CPU
	EndGlobalSection
	GlobalSection(SolutionProperties) = preSolution
		HideSolutionNode = FALSE
	EndGlobalSection
	GlobalSection(ProjectConfigurationPlatforms) = postSolution
		{E5E33B61-BC2D-49A0-A497-56427D377A5F}.Debug|Any CPU.ActiveCfg = Debug|Any CPU
		{E5E33B61-BC2D-49A0-A497-56427D377A5F}.Debug|Any CPU.Build.0 = Debug|Any CPU
		{E5E33B61-BC2D-49A0-A497-56427D377A5F}.Release|Any CPU.ActiveCfg = Release|Any CPU
		{E5E33B61-BC2D-49A0-A497-56427D377A5F}.Release|Any CPU.Build.0 = Release|Any CPU
		{3A5F6E7C-4388-4806-8CD4-7F8F445DA7F8}.Debug|Any CPU.ActiveCfg = Debug|Any CPU
		{3A5F6E7C-4388-4806-8CD4-7F8F445DA7F8}.Debug|Any CPU.Build.0 = Debug|Any CPU
		{3A5F6E7C-4388-4806-8CD4-7F8F445DA7F8}.Release|Any CPU.ActiveCfg = Release|Any CPU
		{3A5F6E7C-4388-4806-8CD4-7F8F445DA7F8}.Release|Any CPU.Build.0 = Release|Any CPU
		{7DDA7A98-E232-449B-8E52-707984DC31A8}.Debug|Any CPU.ActiveCfg = Debug|Any CPU
		{7DDA7A98-E232-449B-8E52-707984DC31A8}.Debug|Any CPU.Build.0 = Debug|Any CPU
		{7DDA7A98-E232-449B-8E52-707984DC31A8}.Release|Any CPU.ActiveCfg = Release|Any CPU
		{7DDA7A98-E232-449B-8E52-707984DC31A8}.Release|Any CPU.Build.0 = Release|Any CPU
		{6A430F57-A0F3-417F-852B-9C0C3BB010FF}.Debug|Any CPU.ActiveCfg = Debug|Any CPU
		{6A430F57-A0F3-417F-852B-9C0C3BB010FF}.Debug|Any CPU.Build.0 = Debug|Any CPU
		{6A430F57-A0F3-417F-852B-9C0C3BB010FF}.Release|Any CPU.ActiveCfg = Release|Any CPU
		{6A430F57-A0F3-417F-852B-9C0C3BB010FF}.Release|Any CPU.Build.0 = Release|Any CPU
	EndGlobalSection
EndGlobal
